
Microsoft Visual Studio Solution File, Format Version 12.00
# Visual Studio Version 16
VisualStudioVersion = 16.0.31321.278
MinimumVisualStudioVersion = 10.0.40219.1
Project("{FAE04EC0-301F-11D3-BF4B-00C04F79EFBC}") = "WebApplication5", "WebApplication5\WebApplication5.csproj", "{EB4BDBBF-CCE1-4129-8D17-AB9E884B6B16}"
EndProject
Global
	GlobalSection(SolutionConfigurationPlatforms) = preSolution
		Debug|Any CPU = Debug|Any CPU
		Release|Any CPU = Release|Any CPU
	EndGlobalSection
	GlobalSection(ProjectConfigurationPlatforms) = postSolution
		{EB4BDBBF-CCE1-4129-8D17-AB9E884B6B16}.Debug|Any CPU.ActiveCfg = Debug|Any CPU
		{EB4BDBBF-CCE1-4129-8D17-AB9E884B6B16}.Debug|Any CPU.Build.0 = Debug|Any CPU
		{EB4BDBBF-CCE1-4129-8D17-AB9E884B6B16}.Release|Any CPU.ActiveCfg = Release|Any CPU
		{EB4BDBBF-CCE1-4129-8D17-AB9E884B6B16}.Release|Any CPU.Build.0 = Release|Any CPU
	EndGlobalSection
	GlobalSection(SolutionProperties) = preSolution
		HideSolutionNode = FALSE
	EndGlobalSection
	GlobalSection(ExtensibilityGlobals) = postSolution
		SolutionGuid = {19B24218-8220-4779-B35F-2AE496A98121}
	EndGlobalSection
EndGlobal
